
Microsoft Visual Studio Solution File, Format Version 12.00
# Visual Studio Version 17
VisualStudioVersion = 17.12.35707.178
MinimumVisualStudioVersion = 10.0.40219.1
Project("{FAE04EC0-301F-11D3-BF4B-00C04F79EFBC}") = "backend", "src\backend.csproj", "{A2E24A62-6E8F-4C1D-96D0-B3E9868990FE}"
EndProject
Project("{FAE04EC0-301F-11D3-BF4B-00C04F79EFBC}") = "backend.test", "backend.test\backend.test.csproj", "{1D2B2803-872C-484D-8E63-46EC986CA9A2}"
EndProject
Global
	GlobalSection(SolutionConfigurationPlatforms) = preSolution
		Debug|Any CPU = Debug|Any CPU
		Release|Any CPU = Release|Any CPU
	EndGlobalSection
	GlobalSection(ProjectConfigurationPlatforms) = postSolution
		{A2E24A62-6E8F-4C1D-96D0-B3E9868990FE}.Debug|Any CPU.ActiveCfg = Debug|Any CPU
		{A2E24A62-6E8F-4C1D-96D0-B3E9868990FE}.Debug|Any CPU.Build.0 = Debug|Any CPU
		{A2E24A62-6E8F-4C1D-96D0-B3E9868990FE}.Release|Any CPU.ActiveCfg = Release|Any CPU
		{A2E24A62-6E8F-4C1D-96D0-B3E9868990FE}.Release|Any CPU.Build.0 = Release|Any CPU
		{1D2B2803-872C-484D-8E63-46EC986CA9A2}.Debug|Any CPU.ActiveCfg = Debug|Any CPU
		{1D2B2803-872C-484D-8E63-46EC986CA9A2}.Debug|Any CPU.Build.0 = Debug|Any CPU
		{1D2B2803-872C-484D-8E63-46EC986CA9A2}.Release|Any CPU.ActiveCfg = Release|Any CPU
		{1D2B2803-872C-484D-8E63-46EC986CA9A2}.Release|Any CPU.Build.0 = Release|Any CPU
	EndGlobalSection
	GlobalSection(SolutionProperties) = preSolution
		HideSolutionNode = FALSE
	EndGlobalSection
EndGlobal
